
Microsoft Visual Studio Solution File, Format Version 12.00
# Visual Studio 2013
VisualStudioVersion = 12.0.30501.0
MinimumVisualStudioVersion = 10.0.40219.1
Project("{FAE04EC0-301F-11D3-BF4B-00C04F79EFBC}") = "Durnit", "Durnit\Durnit.csproj", "{AAA09B77-9DBE-47AD-8484-A303CFA65926}"
EndProject
Project("{FAE04EC0-301F-11D3-BF4B-00C04F79EFBC}") = "Client", "Client\Client.csproj", "{BEFAE50C-3B97-4F24-85CC-9EDA62256B2D}"
EndProject
Project("{FAE04EC0-301F-11D3-BF4B-00C04F79EFBC}") = "DummyStartupApp", "DummyStartupApp\DummyStartupApp.csproj", "{CE07F711-8CB9-4448-9C5C-36E9A5C1BB39}"
EndProject
Global
	GlobalSection(SolutionConfigurationPlatforms) = preSolution
		Debug|Any CPU = Debug|Any CPU
		Release|Any CPU = Release|Any CPU
	EndGlobalSection
	GlobalSection(ProjectConfigurationPlatforms) = postSolution
		{AAA09B77-9DBE-47AD-8484-A303CFA65926}.Debug|Any CPU.ActiveCfg = Debug|Any CPU
		{AAA09B77-9DBE-47AD-8484-A303CFA65926}.Debug|Any CPU.Build.0 = Debug|Any CPU
		{AAA09B77-9DBE-47AD-8484-A303CFA65926}.Release|Any CPU.ActiveCfg = Release|Any CPU
		{AAA09B77-9DBE-47AD-8484-A303CFA65926}.Release|Any CPU.Build.0 = Release|Any CPU
		{BEFAE50C-3B97-4F24-85CC-9EDA62256B2D}.Debug|Any CPU.ActiveCfg = Debug|Any CPU
		{BEFAE50C-3B97-4F24-85CC-9EDA62256B2D}.Debug|Any CPU.Build.0 = Debug|Any CPU
		{BEFAE50C-3B97-4F24-85CC-9EDA62256B2D}.Release|Any CPU.ActiveCfg = Release|Any CPU
		{BEFAE50C-3B97-4F24-85CC-9EDA62256B2D}.Release|Any CPU.Build.0 = Release|Any CPU
		{CE07F711-8CB9-4448-9C5C-36E9A5C1BB39}.Debug|Any CPU.ActiveCfg = Debug|Any CPU
		{CE07F711-8CB9-4448-9C5C-36E9A5C1BB39}.Debug|Any CPU.Build.0 = Debug|Any CPU
		{CE07F711-8CB9-4448-9C5C-36E9A5C1BB39}.Release|Any CPU.ActiveCfg = Release|Any CPU
		{CE07F711-8CB9-4448-9C5C-36E9A5C1BB39}.Release|Any CPU.Build.0 = Release|Any CPU
	EndGlobalSection
	GlobalSection(SolutionProperties) = preSolution
		HideSolutionNode = FALSE
	EndGlobalSection
EndGlobal
